// !$*UTF8*$!
{
	archiveVersion = 1;
	classes = {
	};
	objectVersion = 55;
	objects = {

/* Begin PBXBuildFile section */
		3F3B1AEB27A3FC24001DAFD1 /* VanillaSwiftUIToTCAApp.swift in Sources */ = {isa = PBXBuildFile; fileRef = 3F3B1AEA27A3FC24001DAFD1 /* VanillaSwiftUIToTCAApp.swift */; };
		3F3B1AED27A3FC24001DAFD1 /* ContentView.swift in Sources */ = {isa = PBXBuildFile; fileRef = 3F3B1AEC27A3FC24001DAFD1 /* ContentView.swift */; };
		3F3B1AEF27A3FC33001DAFD1 /* Assets.xcassets in Resources */ = {isa = PBXBuildFile; fileRef = 3F3B1AEE27A3FC33001DAFD1 /* Assets.xcassets */; };
		3F3B1AF227A3FC33001DAFD1 /* Preview Assets.xcassets in Resources */ = {isa = PBXBuildFile; fileRef = 3F3B1AF127A3FC33001DAFD1 /* Preview Assets.xcassets */; };
		3F3B1AFC27A3FC34001DAFD1 /* VanillaSwiftUIToTCATests.swift in Sources */ = {isa = PBXBuildFile; fileRef = 3F3B1AFB27A3FC34001DAFD1 /* VanillaSwiftUIToTCATests.swift */; };
		3F3B1B0627A3FC34001DAFD1 /* VanillaSwiftUIToTCAUITests.swift in Sources */ = {isa = PBXBuildFile; fileRef = 3F3B1B0527A3FC34001DAFD1 /* VanillaSwiftUIToTCAUITests.swift */; };
		3F3B1B0827A3FC34001DAFD1 /* VanillaSwiftUIToTCAUITestsLaunchTests.swift in Sources */ = {isa = PBXBuildFile; fileRef = 3F3B1B0727A3FC34001DAFD1 /* VanillaSwiftUIToTCAUITestsLaunchTests.swift */; };
/* End PBXBuildFile section */

/* Begin PBXContainerItemProxy section */
		3F3B1AF827A3FC34001DAFD1 /* PBXContainerItemProxy */ = {
			isa = PBXContainerItemProxy;
			containerPortal = 3F3B1ADF27A3FC24001DAFD1 /* Project object */;
			proxyType = 1;
			remoteGlobalIDString = 3F3B1AE627A3FC24001DAFD1;
			remoteInfo = VanillaSwiftUIToTCA;
		};
		3F3B1B0227A3FC34001DAFD1 /* PBXContainerItemProxy */ = {
			isa = PBXContainerItemProxy;
			containerPortal = 3F3B1ADF27A3FC24001DAFD1 /* Project object */;
			proxyType = 1;
			remoteGlobalIDString = 3F3B1AE627A3FC24001DAFD1;
			remoteInfo = VanillaSwiftUIToTCA;
		};
/* End PBXContainerItemProxy section */

/* Begin PBXFileReference section */
		3F3B1AE727A3FC24001DAFD1 /* VanillaSwiftUIToTCA.app */ = {isa = PBXFileReference; explicitFileType = wrapper.application; includeInIndex = 0; path = VanillaSwiftUIToTCA.app; sourceTree = BUILT_PRODUCTS_DIR; };
		3F3B1AEA27A3FC24001DAFD1 /* VanillaSwiftUIToTCAApp.swift */ = {isa = PBXFileReference; lastKnownFileType = sourcecode.swift; path = VanillaSwiftUIToTCAApp.swift; sourceTree = "<group>"; };
		3F3B1AEC27A3FC24001DAFD1 /* ContentView.swift */ = {isa = PBXFileReference; lastKnownFileType = sourcecode.swift; path = ContentView.swift; sourceTree = "<group>"; };
		3F3B1AEE27A3FC33001DAFD1 /* Assets.xcassets */ = {isa = PBXFileReference; lastKnownFileType = folder.assetcatalog; path = Assets.xcassets; sourceTree = "<group>"; };
		3F3B1AF127A3FC33001DAFD1 /* Preview Assets.xcassets */ = {isa = PBXFileReference; lastKnownFileType = folder.assetcatalog; path = "Preview Assets.xcassets"; sourceTree = "<group>"; };
		3F3B1AF727A3FC34001DAFD1 /* VanillaSwiftUIToTCATests.xctest */ = {isa = PBXFileReference; explicitFileType = wrapper.cfbundle; includeInIndex = 0; path = VanillaSwiftUIToTCATests.xctest; sourceTree = BUILT_PRODUCTS_DIR; };
		3F3B1AFB27A3FC34001DAFD1 /* VanillaSwiftUIToTCATests.swift */ = {isa = PBXFileReference; lastKnownFileType = sourcecode.swift; path = VanillaSwiftUIToTCATests.swift; sourceTree = "<group>"; };
		3F3B1B0127A3FC34001DAFD1 /* VanillaSwiftUIToTCAUITests.xctest */ = {isa = PBXFileReference; explicitFileType = wrapper.cfbundle; includeInIndex = 0; path = VanillaSwiftUIToTCAUITests.xctest; sourceTree = BUILT_PRODUCTS_DIR; };
		3F3B1B0527A3FC34001DAFD1 /* VanillaSwiftUIToTCAUITests.swift */ = {isa = PBXFileReference; lastKnownFileType = sourcecode.swift; path = VanillaSwiftUIToTCAUITests.swift; sourceTree = "<group>"; };
		3F3B1B0727A3FC34001DAFD1 /* VanillaSwiftUIToTCAUITestsLaunchTests.swift */ = {isa = PBXFileReference; lastKnownFileType = sourcecode.swift; path = VanillaSwiftUIToTCAUITestsLaunchTests.swift; sourceTree = "<group>"; };
/* End PBXFileReference section */

/* Begin PBXFrameworksBuildPhase section */
		3F3B1AE427A3FC24001DAFD1 /* Frameworks */ = {
			isa = PBXFrameworksBuildPhase;
			buildActionMask = 2147483647;
			files = (
			);
			runOnlyForDeploymentPostprocessing = 0;
		};
		3F3B1AF427A3FC34001DAFD1 /* Frameworks */ = {
			isa = PBXFrameworksBuildPhase;
			buildActionMask = 2147483647;
			files = (
			);
			runOnlyForDeploymentPostprocessing = 0;
		};
		3F3B1AFE27A3FC34001DAFD1 /* Frameworks */ = {
			isa = PBXFrameworksBuildPhase;
			buildActionMask = 2147483647;
			files = (
			);
			runOnlyForDeploymentPostprocessing = 0;
		};
/* End PBXFrameworksBuildPhase section */

/* Begin PBXGroup section */
		3F3B1ADE27A3FC24001DAFD1 = {
			isa = PBXGroup;
			children = (
				3F3B1AE927A3FC24001DAFD1 /* VanillaSwiftUIToTCA */,
				3F3B1AFA27A3FC34001DAFD1 /* VanillaSwiftUIToTCATests */,
				3F3B1B0427A3FC34001DAFD1 /* VanillaSwiftUIToTCAUITests */,
				3F3B1AE827A3FC24001DAFD1 /* Products */,
			);
			sourceTree = "<group>";
		};
		3F3B1AE827A3FC24001DAFD1 /* Products */ = {
			isa = PBXGroup;
			children = (
				3F3B1AE727A3FC24001DAFD1 /* VanillaSwiftUIToTCA.app */,
				3F3B1AF727A3FC34001DAFD1 /* VanillaSwiftUIToTCATests.xctest */,
				3F3B1B0127A3FC34001DAFD1 /* VanillaSwiftUIToTCAUITests.xctest */,
			);
			name = Products;
			sourceTree = "<group>";
		};
		3F3B1AE927A3FC24001DAFD1 /* VanillaSwiftUIToTCA */ = {
			isa = PBXGroup;
			children = (
				3F3B1AEA27A3FC24001DAFD1 /* VanillaSwiftUIToTCAApp.swift */,
				3F3B1AEC27A3FC24001DAFD1 /* ContentView.swift */,
				3F3B1AEE27A3FC33001DAFD1 /* Assets.xcassets */,
				3F3B1AF027A3FC33001DAFD1 /* Preview Content */,
			);
			path = VanillaSwiftUIToTCA;
			sourceTree = "<group>";
		};
		3F3B1AF027A3FC33001DAFD1 /* Preview Content */ = {
			isa = PBXGroup;
			children = (
				3F3B1AF127A3FC33001DAFD1 /* Preview Assets.xcassets */,
			);
			path = "Preview Content";
			sourceTree = "<group>";
		};
		3F3B1AFA27A3FC34001DAFD1 /* VanillaSwiftUIToTCATests */ = {
			isa = PBXGroup;
			children = (
				3F3B1AFB27A3FC34001DAFD1 /* VanillaSwiftUIToTCATests.swift */,
			);
			path = VanillaSwiftUIToTCATests;
			sourceTree = "<group>";
		};
		3F3B1B0427A3FC34001DAFD1 /* VanillaSwiftUIToTCAUITests */ = {
			isa = PBXGroup;
			children = (
				3F3B1B0527A3FC34001DAFD1 /* VanillaSwiftUIToTCAUITests.swift */,
				3F3B1B0727A3FC34001DAFD1 /* VanillaSwiftUIToTCAUITestsLaunchTests.swift */,
			);
			path = VanillaSwiftUIToTCAUITests;
			sourceTree = "<group>";
		};
/* End PBXGroup section */

/* Begin PBXNativeTarget section */
		3F3B1AE627A3FC24001DAFD1 /* VanillaSwiftUIToTCA */ = {
			isa = PBXNativeTarget;
			buildConfigurationList = 3F3B1B0B27A3FC34001DAFD1 /* Build configuration list for PBXNativeTarget "VanillaSwiftUIToTCA" */;
			buildPhases = (
				3F3B1AE327A3FC24001DAFD1 /* Sources */,
				3F3B1AE427A3FC24001DAFD1 /* Frameworks */,
				3F3B1AE527A3FC24001DAFD1 /* Resources */,
			);
			buildRules = (
			);
			dependencies = (
			);
			name = VanillaSwiftUIToTCA;
			productName = VanillaSwiftUIToTCA;
			productReference = 3F3B1AE727A3FC24001DAFD1 /* VanillaSwiftUIToTCA.app */;
			productType = "com.apple.product-type.application";
		};
		3F3B1AF627A3FC34001DAFD1 /* VanillaSwiftUIToTCATests */ = {
			isa = PBXNativeTarget;
			buildConfigurationList = 3F3B1B0E27A3FC34001DAFD1 /* Build configuration list for PBXNativeTarget "VanillaSwiftUIToTCATests" */;
			buildPhases = (
				3F3B1AF327A3FC34001DAFD1 /* Sources */,
				3F3B1AF427A3FC34001DAFD1 /* Frameworks */,
				3F3B1AF527A3FC34001DAFD1 /* Resources */,
			);
			buildRules = (
			);
			dependencies = (
				3F3B1AF927A3FC34001DAFD1 /* PBXTargetDependency */,
			);
			name = VanillaSwiftUIToTCATests;
			productName = VanillaSwiftUIToTCATests;
			productReference = 3F3B1AF727A3FC34001DAFD1 /* VanillaSwiftUIToTCATests.xctest */;
			productType = "com.apple.product-type.bundle.unit-test";
		};
		3F3B1B0027A3FC34001DAFD1 /* VanillaSwiftUIToTCAUITests */ = {
			isa = PBXNativeTarget;
			buildConfigurationList = 3F3B1B1127A3FC34001DAFD1 /* Build configuration list for PBXNativeTarget "VanillaSwiftUIToTCAUITests" */;
			buildPhases = (
				3F3B1AFD27A3FC34001DAFD1 /* Sources */,
				3F3B1AFE27A3FC34001DAFD1 /* Frameworks */,
				3F3B1AFF27A3FC34001DAFD1 /* Resources */,
			);
			buildRules = (
			);
			dependencies = (
				3F3B1B0327A3FC34001DAFD1 /* PBXTargetDependency */,
			);
			name = VanillaSwiftUIToTCAUITests;
			productName = VanillaSwiftUIToTCAUITests;
			productReference = 3F3B1B0127A3FC34001DAFD1 /* VanillaSwiftUIToTCAUITests.xctest */;
			productType = "com.apple.product-type.bundle.ui-testing";
		};
/* End PBXNativeTarget section */

/* Begin PBXProject section */
		3F3B1ADF27A3FC24001DAFD1 /* Project object */ = {
			isa = PBXProject;
			attributes = {
				BuildIndependentTargetsInParallel = 1;
				LastSwiftUpdateCheck = 1320;
				LastUpgradeCheck = 1320;
				TargetAttributes = {
					3F3B1AE627A3FC24001DAFD1 = {
						CreatedOnToolsVersion = 13.2.1;
					};
					3F3B1AF627A3FC34001DAFD1 = {
						CreatedOnToolsVersion = 13.2.1;
						TestTargetID = 3F3B1AE627A3FC24001DAFD1;
					};
					3F3B1B0027A3FC34001DAFD1 = {
						CreatedOnToolsVersion = 13.2.1;
						TestTargetID = 3F3B1AE627A3FC24001DAFD1;
					};
				};
			};
			buildConfigurationList = 3F3B1AE227A3FC24001DAFD1 /* Build configuration list for PBXProject "VanillaSwiftUIToTCA" */;
			compatibilityVersion = "Xcode 13.0";
			developmentRegion = en;
			hasScannedForEncodings = 0;
			knownRegions = (
				en,
				Base,
			);
			mainGroup = 3F3B1ADE27A3FC24001DAFD1;
			productRefGroup = 3F3B1AE827A3FC24001DAFD1 /* Products */;
			projectDirPath = "";
			projectRoot = "";
			targets = (
				3F3B1AE627A3FC24001DAFD1 /* VanillaSwiftUIToTCA */,
				3F3B1AF627A3FC34001DAFD1 /* VanillaSwiftUIToTCATests */,
				3F3B1B0027A3FC34001DAFD1 /* VanillaSwiftUIToTCAUITests */,
			);
		};
/* End PBXProject section */

/* Begin PBXResourcesBuildPhase section */
		3F3B1AE527A3FC24001DAFD1 /* Resources */ = {
			isa = PBXResourcesBuildPhase;
			buildActionMask = 2147483647;
			files = (
				3F3B1AF227A3FC33001DAFD1 /* Preview Assets.xcassets in Resources */,
				3F3B1AEF27A3FC33001DAFD1 /* Assets.xcassets in Resources */,
			);
			runOnlyForDeploymentPostprocessing = 0;
		};
		3F3B1AF527A3FC34001DAFD1 /* Resources */ = {
			isa = PBXResourcesBuildPhase;
			buildActionMask = 2147483647;
			files = (
			);
			runOnlyForDeploymentPostprocessing = 0;
		};
		3F3B1AFF27A3FC34001DAFD1 /* Resources */ = {
			isa = PBXResourcesBuildPhase;
			buildActionMask = 2147483647;
			files = (
			);
			runOnlyForDeploymentPostprocessing = 0;
		};
/* End PBXResourcesBuildPhase section */

/* Begin PBXSourcesBuildPhase section */
		3F3B1AE327A3FC24001DAFD1 /* Sources */ = {
			isa = PBXSourcesBuildPhase;
			buildActionMask = 2147483647;
			files = (
				3F3B1AED27A3FC24001DAFD1 /* ContentView.swift in Sources */,
				3F3B1AEB27A3FC24001DAFD1 /* VanillaSwiftUIToTCAApp.swift in Sources */,
			);
			runOnlyForDeploymentPostprocessing = 0;
		};
		3F3B1AF327A3FC34001DAFD1 /* Sources */ = {
			isa = PBXSourcesBuildPhase;
			buildActionMask = 2147483647;
			files = (
				3F3B1AFC27A3FC34001DAFD1 /* VanillaSwiftUIToTCATests.swift in Sources */,
			);
			runOnlyForDeploymentPostprocessing = 0;
		};
		3F3B1AFD27A3FC34001DAFD1 /* Sources */ = {
			isa = PBXSourcesBuildPhase;
			buildActionMask = 2147483647;
			files = (
				3F3B1B0827A3FC34001DAFD1 /* VanillaSwiftUIToTCAUITestsLaunchTests.swift in Sources */,
				3F3B1B0627A3FC34001DAFD1 /* VanillaSwiftUIToTCAUITests.swift in Sources */,
			);
			runOnlyForDeploymentPostprocessing = 0;
		};
/* End PBXSourcesBuildPhase section */

/* Begin PBXTargetDependency section */
		3F3B1AF927A3FC34001DAFD1 /* PBXTargetDependency */ = {
			isa = PBXTargetDependency;
			target = 3F3B1AE627A3FC24001DAFD1 /* VanillaSwiftUIToTCA */;
			targetProxy = 3F3B1AF827A3FC34001DAFD1 /* PBXContainerItemProxy */;
		};
		3F3B1B0327A3FC34001DAFD1 /* PBXTargetDependency */ = {
			isa = PBXTargetDependency;
			target = 3F3B1AE627A3FC24001DAFD1 /* VanillaSwiftUIToTCA */;
			targetProxy = 3F3B1B0227A3FC34001DAFD1 /* PBXContainerItemProxy */;
		};
/* End PBXTargetDependency section */

/* Begin XCBuildConfiguration section */
		3F3B1B0927A3FC34001DAFD1 /* Debug */ = {
			isa = XCBuildConfiguration;
			buildSettings = {
				ALWAYS_SEARCH_USER_PATHS = NO;
				CLANG_ANALYZER_NONNULL = YES;
				CLANG_ANALYZER_NUMBER_OBJECT_CONVERSION = YES_AGGRESSIVE;
				CLANG_CXX_LANGUAGE_STANDARD = "gnu++17";
				CLANG_CXX_LIBRARY = "libc++";
				CLANG_ENABLE_MODULES = YES;
				CLANG_ENABLE_OBJC_ARC = YES;
				CLANG_ENABLE_OBJC_WEAK = YES;
				CLANG_WARN_BLOCK_CAPTURE_AUTORELEASING = YES;
				CLANG_WARN_BOOL_CONVERSION = YES;
				CLANG_WARN_COMMA = YES;
				CLANG_WARN_CONSTANT_CONVERSION = YES;
				CLANG_WARN_DEPRECATED_OBJC_IMPLEMENTATIONS = YES;
				CLANG_WARN_DIRECT_OBJC_ISA_USAGE = YES_ERROR;
				CLANG_WARN_DOCUMENTATION_COMMENTS = YES;
				CLANG_WARN_EMPTY_BODY = YES;
				CLANG_WARN_ENUM_CONVERSION = YES;
				CLANG_WARN_INFINITE_RECURSION = YES;
				CLANG_WARN_INT_CONVERSION = YES;
				CLANG_WARN_NON_LITERAL_NULL_CONVERSION = YES;
				CLANG_WARN_OBJC_IMPLICIT_RETAIN_SELF = YES;
				CLANG_WARN_OBJC_LITERAL_CONVERSION = YES;
				CLANG_WARN_OBJC_ROOT_CLASS = YES_ERROR;
				CLANG_WARN_QUOTED_INCLUDE_IN_FRAMEWORK_HEADER = YES;
				CLANG_WARN_RANGE_LOOP_ANALYSIS = YES;
				CLANG_WARN_STRICT_PROTOTYPES = YES;
				CLANG_WARN_SUSPICIOUS_MOVE = YES;
				CLANG_WARN_UNGUARDED_AVAILABILITY = YES_AGGRESSIVE;
				CLANG_WARN_UNREACHABLE_CODE = YES;
				CLANG_WARN__DUPLICATE_METHOD_MATCH = YES;
				COPY_PHASE_STRIP = NO;
				DEBUG_INFORMATION_FORMAT = dwarf;
				ENABLE_STRICT_OBJC_MSGSEND = YES;
				ENABLE_TESTABILITY = YES;
				GCC_C_LANGUAGE_STANDARD = gnu11;
				GCC_DYNAMIC_NO_PIC = NO;
				GCC_NO_COMMON_BLOCKS = YES;
				GCC_OPTIMIZATION_LEVEL = 0;
				GCC_PREPROCESSOR_DEFINITIONS = (
					"DEBUG=1",
					"$(inherited)",
				);
				GCC_WARN_64_TO_32_BIT_CONVERSION = YES;
				GCC_WARN_ABOUT_RETURN_TYPE = YES_ERROR;
				GCC_WARN_UNDECLARED_SELECTOR = YES;
				GCC_WARN_UNINITIALIZED_AUTOS = YES_AGGRESSIVE;
				GCC_WARN_UNUSED_FUNCTION = YES;
				GCC_WARN_UNUSED_VARIABLE = YES;
				IPHONEOS_DEPLOYMENT_TARGET = 15.2;
				MTL_ENABLE_DEBUG_INFO = INCLUDE_SOURCE;
				MTL_FAST_MATH = YES;
				ONLY_ACTIVE_ARCH = YES;
				SDKROOT = iphoneos;
				SWIFT_ACTIVE_COMPILATION_CONDITIONS = DEBUG;
				SWIFT_OPTIMIZATION_LEVEL = "-Onone";
			};
			name = Debug;
		};
		3F3B1B0A27A3FC34001DAFD1 /* Release */ = {
			isa = XCBuildConfiguration;
			buildSettings = {
				ALWAYS_SEARCH_USER_PATHS = NO;
				CLANG_ANALYZER_NONNULL = YES;
				CLANG_ANALYZER_NUMBER_OBJECT_CONVERSION = YES_AGGRESSIVE;
				CLANG_CXX_LANGUAGE_STANDARD = "gnu++17";
				CLANG_CXX_LIBRARY = "libc++";
				CLANG_ENABLE_MODULES = YES;
				CLANG_ENABLE_OBJC_ARC = YES;
				CLANG_ENABLE_OBJC_WEAK = YES;
				CLANG_WARN_BLOCK_CAPTURE_AUTORELEASING = YES;
				CLANG_WARN_BOOL_CONVERSION = YES;
				CLANG_WARN_COMMA = YES;
				CLANG_WARN_CONSTANT_CONVERSION = YES;
				CLANG_WARN_DEPRECATED_OBJC_IMPLEMENTATIONS = YES;
				CLANG_WARN_DIRECT_OBJC_ISA_USAGE = YES_ERROR;
				CLANG_WARN_DOCUMENTATION_COMMENTS = YES;
				CLANG_WARN_EMPTY_BODY = YES;
				CLANG_WARN_ENUM_CONVERSION = YES;
				CLANG_WARN_INFINITE_RECURSION = YES;
				CLANG_WARN_INT_CONVERSION = YES;
				CLANG_WARN_NON_LITERAL_NULL_CONVERSION = YES;
				CLANG_WARN_OBJC_IMPLICIT_RETAIN_SELF = YES;
				CLANG_WARN_OBJC_LITERAL_CONVERSION = YES;
				CLANG_WARN_OBJC_ROOT_CLASS = YES_ERROR;
				CLANG_WARN_QUOTED_INCLUDE_IN_FRAMEWORK_HEADER = YES;
				CLANG_WARN_RANGE_LOOP_ANALYSIS = YES;
				CLANG_WARN_STRICT_PROTOTYPES = YES;
				CLANG_WARN_SUSPICIOUS_MOVE = YES;
				CLANG_WARN_UNGUARDED_AVAILABILITY = YES_AGGRESSIVE;
				CLANG_WARN_UNREACHABLE_CODE = YES;
				CLANG_WARN__DUPLICATE_METHOD_MATCH = YES;
				COPY_PHASE_STRIP = NO;
				DEBUG_INFORMATION_FORMAT = "dwarf-with-dsym";
				ENABLE_NS_ASSERTIONS = NO;
				ENABLE_STRICT_OBJC_MSGSEND = YES;
				GCC_C_LANGUAGE_STANDARD = gnu11;
				GCC_NO_COMMON_BLOCKS = YES;
				GCC_WARN_64_TO_32_BIT_CONVERSION = YES;
				GCC_WARN_ABOUT_RETURN_TYPE = YES_ERROR;
				GCC_WARN_UNDECLARED_SELECTOR = YES;
				GCC_WARN_UNINITIALIZED_AUTOS = YES_AGGRESSIVE;
				GCC_WARN_UNUSED_FUNCTION = YES;
				GCC_WARN_UNUSED_VARIABLE = YES;
				IPHONEOS_DEPLOYMENT_TARGET = 15.2;
				MTL_ENABLE_DEBUG_INFO = NO;
				MTL_FAST_MATH = YES;
				SDKROOT = iphoneos;
				SWIFT_COMPILATION_MODE = wholemodule;
				SWIFT_OPTIMIZATION_LEVEL = "-O";
				VALIDATE_PRODUCT = YES;
			};
			name = Release;
		};
		3F3B1B0C27A3FC34001DAFD1 /* Debug */ = {
			isa = XCBuildConfiguration;
			buildSettings = {
				ASSETCATALOG_COMPILER_APPICON_NAME = AppIcon;
				ASSETCATALOG_COMPILER_GLOBAL_ACCENT_COLOR_NAME = AccentColor;
				CODE_SIGN_STYLE = Automatic;
				CURRENT_PROJECT_VERSION = 1;
				DEVELOPMENT_ASSET_PATHS = "\"VanillaSwiftUIToTCA/Preview Content\"";
				DEVELOPMENT_TEAM = XH4DPKHK3V;
				ENABLE_PREVIEWS = YES;
				GENERATE_INFOPLIST_FILE = YES;
				INFOPLIST_KEY_UIApplicationSceneManifest_Generation = YES;
				INFOPLIST_KEY_UIApplicationSupportsIndirectInputEvents = YES;
				INFOPLIST_KEY_UILaunchScreen_Generation = YES;
				INFOPLIST_KEY_UISupportedInterfaceOrientations_iPad = "UIInterfaceOrientationPortrait UIInterfaceOrientationPortraitUpsideDown UIInterfaceOrientationLandscapeLeft UIInterfaceOrientationLandscapeRight";
				INFOPLIST_KEY_UISupportedInterfaceOrientations_iPhone = "UIInterfaceOrientationPortrait UIInterfaceOrientationLandscapeLeft UIInterfaceOrientationLandscapeRight";
				LD_RUNPATH_SEARCH_PATHS = (
					"$(inherited)",
					"@executable_path/Frameworks",
				);
				MARKETING_VERSION = 1.0;
				PRODUCT_BUNDLE_IDENTIFIER = com.bocato.VanillaSwiftUIToTCA;
				PRODUCT_NAME = "$(TARGET_NAME)";
				SWIFT_EMIT_LOC_STRINGS = YES;
				SWIFT_VERSION = 5.0;
				TARGETED_DEVICE_FAMILY = "1,2";
			};
			name = Debug;
		};
		3F3B1B0D27A3FC34001DAFD1 /* Release */ = {
			isa = XCBuildConfiguration;
			buildSettings = {
				ASSETCATALOG_COMPILER_APPICON_NAME = AppIcon;
				ASSETCATALOG_COMPILER_GLOBAL_ACCENT_COLOR_NAME = AccentColor;
				CODE_SIGN_STYLE = Automatic;
				CURRENT_PROJECT_VERSION = 1;
				DEVELOPMENT_ASSET_PATHS = "\"VanillaSwiftUIToTCA/Preview Content\"";
				DEVELOPMENT_TEAM = XH4DPKHK3V;
				ENABLE_PREVIEWS = YES;
				GENERATE_INFOPLIST_FILE = YES;
				INFOPLIST_KEY_UIApplicationSceneManifest_Generation = YES;
				INFOPLIST_KEY_UIApplicationSupportsIndirectInputEvents = YES;
				INFOPLIST_KEY_UILaunchScreen_Generation = YES;
				INFOPLIST_KEY_UISupportedInterfaceOrientations_iPad = "UIInterfaceOrientationPortrait UIInterfaceOrientationPortraitUpsideDown UIInterfaceOrientationLandscapeLeft UIInterfaceOrientationLandscapeRight";
				INFOPLIST_KEY_UISupportedInterfaceOrientations_iPhone = "UIInterfaceOrientationPortrait UIInterfaceOrientationLandscapeLeft UIInterfaceOrientationLandscapeRight";
				LD_RUNPATH_SEARCH_PATHS = (
					"$(inherited)",
					"@executable_path/Frameworks",
				);
				MARKETING_VERSION = 1.0;
				PRODUCT_BUNDLE_IDENTIFIER = com.bocato.VanillaSwiftUIToTCA;
				PRODUCT_NAME = "$(TARGET_NAME)";
				SWIFT_EMIT_LOC_STRINGS = YES;
				SWIFT_VERSION = 5.0;
				TARGETED_DEVICE_FAMILY = "1,2";
			};
			name = Release;
		};
		3F3B1B0F27A3FC34001DAFD1 /* Debug */ = {
			isa = XCBuildConfiguration;
			buildSettings = {
				ALWAYS_EMBED_SWIFT_STANDARD_LIBRARIES = YES;
				BUNDLE_LOADER = "$(TEST_HOST)";
				CODE_SIGN_STYLE = Automatic;
				CURRENT_PROJECT_VERSION = 1;
				DEVELOPMENT_TEAM = XH4DPKHK3V;
				GENERATE_INFOPLIST_FILE = YES;
				IPHONEOS_DEPLOYMENT_TARGET = 15.2;
				MARKETING_VERSION = 1.0;
				PRODUCT_BUNDLE_IDENTIFIER = com.bocato.VanillaSwiftUIToTCATests;
				PRODUCT_NAME = "$(TARGET_NAME)";
				SWIFT_EMIT_LOC_STRINGS = NO;
				SWIFT_VERSION = 5.0;
				TARGETED_DEVICE_FAMILY = "1,2";
				TEST_HOST = "$(BUILT_PRODUCTS_DIR)/VanillaSwiftUIToTCA.app/VanillaSwiftUIToTCA";
			};
			name = Debug;
		};
		3F3B1B1027A3FC34001DAFD1 /* Release */ = {
			isa = XCBuildConfiguration;
			buildSettings = {
				ALWAYS_EMBED_SWIFT_STANDARD_LIBRARIES = YES;
				BUNDLE_LOADER = "$(TEST_HOST)";
				CODE_SIGN_STYLE = Automatic;
				CURRENT_PROJECT_VERSION = 1;
				DEVELOPMENT_TEAM = XH4DPKHK3V;
				GENERATE_INFOPLIST_FILE = YES;
				IPHONEOS_DEPLOYMENT_TARGET = 15.2;
				MARKETING_VERSION = 1.0;
				PRODUCT_BUNDLE_IDENTIFIER = com.bocato.VanillaSwiftUIToTCATests;
				PRODUCT_NAME = "$(TARGET_NAME)";
				SWIFT_EMIT_LOC_STRINGS = NO;
				SWIFT_VERSION = 5.0;
				TARGETED_DEVICE_FAMILY = "1,2";
				TEST_HOST = "$(BUILT_PRODUCTS_DIR)/VanillaSwiftUIToTCA.app/VanillaSwiftUIToTCA";
			};
			name = Release;
		};
		3F3B1B1227A3FC34001DAFD1 /* Debug */ = {
			isa = XCBuildConfiguration;
			buildSettings = {
				ALWAYS_EMBED_SWIFT_STANDARD_LIBRARIES = YES;
				CODE_SIGN_STYLE = Automatic;
				CURRENT_PROJECT_VERSION = 1;
				DEVELOPMENT_TEAM = XH4DPKHK3V;
				GENERATE_INFOPLIST_FILE = YES;
				MARKETING_VERSION = 1.0;
				PRODUCT_BUNDLE_IDENTIFIER = com.bocato.VanillaSwiftUIToTCAUITests;
				PRODUCT_NAME = "$(TARGET_NAME)";
				SWIFT_EMIT_LOC_STRINGS = NO;
				SWIFT_VERSION = 5.0;
				TARGETED_DEVICE_FAMILY = "1,2";
				TEST_TARGET_NAME = VanillaSwiftUIToTCA;
			};
			name = Debug;
		};
		3F3B1B1327A3FC34001DAFD1 /* Release */ = {
			isa = XCBuildConfiguration;
			buildSettings = {
				ALWAYS_EMBED_SWIFT_STANDARD_LIBRARIES = YES;
				CODE_SIGN_STYLE = Automatic;
				CURRENT_PROJECT_VERSION = 1;
				DEVELOPMENT_TEAM = XH4DPKHK3V;
				GENERATE_INFOPLIST_FILE = YES;
				MARKETING_VERSION = 1.0;
				PRODUCT_BUNDLE_IDENTIFIER = com.bocato.VanillaSwiftUIToTCAUITests;
				PRODUCT_NAME = "$(TARGET_NAME)";
				SWIFT_EMIT_LOC_STRINGS = NO;
				SWIFT_VERSION = 5.0;
				TARGETED_DEVICE_FAMILY = "1,2";
				TEST_TARGET_NAME = VanillaSwiftUIToTCA;
			};
			name = Release;
		};
/* End XCBuildConfiguration section */

/* Begin XCConfigurationList section */
		3F3B1AE227A3FC24001DAFD1 /* Build configuration list for PBXProject "VanillaSwiftUIToTCA" */ = {
			isa = XCConfigurationList;
			buildConfigurations = (
				3F3B1B0927A3FC34001DAFD1 /* Debug */,
				3F3B1B0A27A3FC34001DAFD1 /* Release */,
			);
			defaultConfigurationIsVisible = 0;
			defaultConfigurationName = Release;
		};
		3F3B1B0B27A3FC34001DAFD1 /* Build configuration list for PBXNativeTarget "VanillaSwiftUIToTCA" */ = {
			isa = XCConfigurationList;
			buildConfigurations = (
				3F3B1B0C27A3FC34001DAFD1 /* Debug */,
				3F3B1B0D27A3FC34001DAFD1 /* Release */,
			);
			defaultConfigurationIsVisible = 0;
			defaultConfigurationName = Release;
		};
		3F3B1B0E27A3FC34001DAFD1 /* Build configuration list for PBXNativeTarget "VanillaSwiftUIToTCATests" */ = {
			isa = XCConfigurationList;
			buildConfigurations = (
				3F3B1B0F27A3FC34001DAFD1 /* Debug */,
				3F3B1B1027A3FC34001DAFD1 /* Release */,
			);
			defaultConfigurationIsVisible = 0;
			defaultConfigurationName = Release;
		};
		3F3B1B1127A3FC34001DAFD1 /* Build configuration list for PBXNativeTarget "VanillaSwiftUIToTCAUITests" */ = {
			isa = XCConfigurationList;
			buildConfigurations = (
				3F3B1B1227A3FC34001DAFD1 /* Debug */,
				3F3B1B1327A3FC34001DAFD1 /* Release */,
			);
			defaultConfigurationIsVisible = 0;
			defaultConfigurationName = Release;
		};
/* End XCConfigurationList section */
	};
	rootObject = 3F3B1ADF27A3FC24001DAFD1 /* Project object */;
}
